
Microsoft Visual Studio Solution File, Format Version 11.00
# Visual Studio 2010
Project("{FAE04EC0-301F-11D3-BF4B-00C04F79EFBC}") = "Assembly-CSharp", "Assembly-CSharp.csproj", "{B0E531AD-3B6C-63CF-7E7F-F58E21C368FB}"
EndProject
Project("{FAE04EC0-301F-11D3-BF4B-00C04F79EFBC}") = "Assembly-CSharp-Editor", "Assembly-CSharp-Editor.csproj", "{6602BF62-FD56-4C0E-9EF7-69E89A5AFFE3}"
EndProject
Global
	GlobalSection(SolutionConfigurationPlatforms) = preSolution
		Debug|Any CPU = Debug|Any CPU
		Release|Any CPU = Release|Any CPU
	EndGlobalSection
	GlobalSection(ProjectConfigurationPlatforms) = postSolution
		{B0E531AD-3B6C-63CF-7E7F-F58E21C368FB}.Debug|Any CPU.ActiveCfg = Debug|Any CPU
		{B0E531AD-3B6C-63CF-7E7F-F58E21C368FB}.Debug|Any CPU.Build.0 = Debug|Any CPU
		{B0E531AD-3B6C-63CF-7E7F-F58E21C368FB}.Release|Any CPU.ActiveCfg = Release|Any CPU
		{B0E531AD-3B6C-63CF-7E7F-F58E21C368FB}.Release|Any CPU.Build.0 = Release|Any CPU
		{6602BF62-FD56-4C0E-9EF7-69E89A5AFFE3}.Debug|Any CPU.ActiveCfg = Debug|Any CPU
		{6602BF62-FD56-4C0E-9EF7-69E89A5AFFE3}.Debug|Any CPU.Build.0 = Debug|Any CPU
		{6602BF62-FD56-4C0E-9EF7-69E89A5AFFE3}.Release|Any CPU.ActiveCfg = Release|Any CPU
		{6602BF62-FD56-4C0E-9EF7-69E89A5AFFE3}.Release|Any CPU.Build.0 = Release|Any CPU
	EndGlobalSection
	GlobalSection(SolutionProperties) = preSolution
		HideSolutionNode = FALSE
	EndGlobalSection
	GlobalSection(MonoDevelopProperties) = preSolution
		StartupItem = Assembly-CSharp.csproj
	EndGlobalSection
EndGlobal
